
Microsoft Visual Studio Solution File, Format Version 12.00
# Visual Studio Version 17
VisualStudioVersion = 17.4.32916.344
MinimumVisualStudioVersion = 10.0.40219.1
Project("{FAE04EC0-301F-11D3-BF4B-00C04F79EFBC}") = "EditForm", "EditForm.csproj", "{89A3F874-0D58-4EEA-BD35-E3885FA60A4B}"
EndProject
Global
	GlobalSection(SolutionConfigurationPlatforms) = preSolution
		Debug|Any CPU = Debug|Any CPU
		Release|Any CPU = Release|Any CPU
	EndGlobalSection
	GlobalSection(ProjectConfigurationPlatforms) = postSolution
		{89A3F874-0D58-4EEA-BD35-E3885FA60A4B}.Debug|Any CPU.ActiveCfg = Debug|Any CPU
		{89A3F874-0D58-4EEA-BD35-E3885FA60A4B}.Debug|Any CPU.Build.0 = Debug|Any CPU
		{89A3F874-0D58-4EEA-BD35-E3885FA60A4B}.Release|Any CPU.ActiveCfg = Release|Any CPU
		{89A3F874-0D58-4EEA-BD35-E3885FA60A4B}.Release|Any CPU.Build.0 = Release|Any CPU
	EndGlobalSection
	GlobalSection(SolutionProperties) = preSolution
		HideSolutionNode = FALSE
	EndGlobalSection
	GlobalSection(ExtensibilityGlobals) = postSolution
		SolutionGuid = {D59A8C60-5183-4010-A819-8F191D8A1282}
	EndGlobalSection
EndGlobal
